
Microsoft Visual Studio Solution File, Format Version 12.00
# Visual Studio Version 17
VisualStudioVersion = 17.7.34024.191
MinimumVisualStudioVersion = 10.0.40219.1
Project("{FAE04EC0-301F-11D3-BF4B-00C04F79EFBC}") = "Transaction Management System", "Recording System\Transaction Management System.csproj", "{6F1AA339-04C4-4C43-AE68-FA0D2A7E1C6F}"
EndProject
Global
	GlobalSection(SolutionConfigurationPlatforms) = preSolution
		Debug|Any CPU = Debug|Any CPU
		Release|Any CPU = Release|Any CPU
	EndGlobalSection
	GlobalSection(ProjectConfigurationPlatforms) = postSolution
		{6F1AA339-04C4-4C43-AE68-FA0D2A7E1C6F}.Debug|Any CPU.ActiveCfg = Debug|Any CPU
		{6F1AA339-04C4-4C43-AE68-FA0D2A7E1C6F}.Debug|Any CPU.Build.0 = Debug|Any CPU
		{6F1AA339-04C4-4C43-AE68-FA0D2A7E1C6F}.Release|Any CPU.ActiveCfg = Release|Any CPU
		{6F1AA339-04C4-4C43-AE68-FA0D2A7E1C6F}.Release|Any CPU.Build.0 = Release|Any CPU
	EndGlobalSection
	GlobalSection(SolutionProperties) = preSolution
		HideSolutionNode = FALSE
	EndGlobalSection
	GlobalSection(ExtensibilityGlobals) = postSolution
		SolutionGuid = {FD92C1A8-DA53-48CA-914E-D4CDE1C7A7DA}
	EndGlobalSection
EndGlobal
